
Microsoft Visual Studio Solution File, Format Version 12.00
# Visual Studio Version 16
VisualStudioVersion = 16.0.29123.88
MinimumVisualStudioVersion = 10.0.40219.1
Project("{FAE04EC0-301F-11D3-BF4B-00C04F79EFBC}") = "BlackJack.Data", "BlackJack.Data\BlackJack.Data.csproj", "{F3E0BF5E-2E37-4DAF-9359-333027D8B39B}"
EndProject
Project("{FAE04EC0-301F-11D3-BF4B-00C04F79EFBC}") = "BlackJack.Buisneslogic", "BlackJack.Buisneslogic\BlackJack.Buisneslogic.csproj", "{81D3932A-C6FC-40EC-8DEB-5726BFC52FF1}"
EndProject
Project("{FAE04EC0-301F-11D3-BF4B-00C04F79EFBC}") = "BlackJack.Constants", "BlackJack.Constants\BlackJack.Constants.csproj", "{070EBE1B-5A53-41B4-A568-311FD8F98BC6}"
EndProject
Project("{FAE04EC0-301F-11D3-BF4B-00C04F79EFBC}") = "BlackJack.Enums", "BlackJack.Enums\BlackJack.Enums.csproj", "{EFD6C132-8DA6-4FD7-886A-109C4EB98778}"
EndProject
Project("{FAE04EC0-301F-11D3-BF4B-00C04F79EFBC}") = "BlackJack.Presentation", "BlackJack.Presentation\BlackJack.Presentation.csproj", "{9C96C3B7-B904-4BFA-9760-D3077F85B44B}"
EndProject
Global
	GlobalSection(SolutionConfigurationPlatforms) = preSolution
		Debug|Any CPU = Debug|Any CPU
		Release|Any CPU = Release|Any CPU
	EndGlobalSection
	GlobalSection(ProjectConfigurationPlatforms) = postSolution
		{F3E0BF5E-2E37-4DAF-9359-333027D8B39B}.Debug|Any CPU.ActiveCfg = Debug|Any CPU
		{F3E0BF5E-2E37-4DAF-9359-333027D8B39B}.Debug|Any CPU.Build.0 = Debug|Any CPU
		{F3E0BF5E-2E37-4DAF-9359-333027D8B39B}.Release|Any CPU.ActiveCfg = Release|Any CPU
		{F3E0BF5E-2E37-4DAF-9359-333027D8B39B}.Release|Any CPU.Build.0 = Release|Any CPU
		{81D3932A-C6FC-40EC-8DEB-5726BFC52FF1}.Debug|Any CPU.ActiveCfg = Debug|Any CPU
		{81D3932A-C6FC-40EC-8DEB-5726BFC52FF1}.Debug|Any CPU.Build.0 = Debug|Any CPU
		{81D3932A-C6FC-40EC-8DEB-5726BFC52FF1}.Release|Any CPU.ActiveCfg = Release|Any CPU
		{81D3932A-C6FC-40EC-8DEB-5726BFC52FF1}.Release|Any CPU.Build.0 = Release|Any CPU
		{070EBE1B-5A53-41B4-A568-311FD8F98BC6}.Debug|Any CPU.ActiveCfg = Debug|Any CPU
		{070EBE1B-5A53-41B4-A568-311FD8F98BC6}.Debug|Any CPU.Build.0 = Debug|Any CPU
		{070EBE1B-5A53-41B4-A568-311FD8F98BC6}.Release|Any CPU.ActiveCfg = Release|Any CPU
		{070EBE1B-5A53-41B4-A568-311FD8F98BC6}.Release|Any CPU.Build.0 = Release|Any CPU
		{EFD6C132-8DA6-4FD7-886A-109C4EB98778}.Debug|Any CPU.ActiveCfg = Debug|Any CPU
		{EFD6C132-8DA6-4FD7-886A-109C4EB98778}.Debug|Any CPU.Build.0 = Debug|Any CPU
		{EFD6C132-8DA6-4FD7-886A-109C4EB98778}.Release|Any CPU.ActiveCfg = Release|Any CPU
		{EFD6C132-8DA6-4FD7-886A-109C4EB98778}.Release|Any CPU.Build.0 = Release|Any CPU
		{9C96C3B7-B904-4BFA-9760-D3077F85B44B}.Debug|Any CPU.ActiveCfg = Debug|Any CPU
		{9C96C3B7-B904-4BFA-9760-D3077F85B44B}.Debug|Any CPU.Build.0 = Debug|Any CPU
		{9C96C3B7-B904-4BFA-9760-D3077F85B44B}.Release|Any CPU.ActiveCfg = Release|Any CPU
		{9C96C3B7-B904-4BFA-9760-D3077F85B44B}.Release|Any CPU.Build.0 = Release|Any CPU
	EndGlobalSection
	GlobalSection(SolutionProperties) = preSolution
		HideSolutionNode = FALSE
	EndGlobalSection
	GlobalSection(ExtensibilityGlobals) = postSolution
		SolutionGuid = {0641F82D-393E-4C28-BB0F-CEB79C4CEADB}
	EndGlobalSection
EndGlobal
