
Microsoft Visual Studio Solution File, Format Version 12.00
# Visual Studio Version 16
VisualStudioVersion = 16.0.29123.88
MinimumVisualStudioVersion = 10.0.40219.1
Project("{9A19103F-16F7-4668-BE54-9A1E7A4F7556}") = "BlackJack.DataModels", "BlackJack.Data\BlackJack.DataModels.csproj", "{5349576D-B93F-43E7-A667-0774D8E42B21}"
EndProject
Project("{9A19103F-16F7-4668-BE54-9A1E7A4F7556}") = "BlackJack.Constants", "BlackJack.Constants\BlackJack.Constants.csproj", "{B49852F2-3033-415F-A79C-761B069195E9}"
EndProject
Project("{9A19103F-16F7-4668-BE54-9A1E7A4F7556}") = "BlackJack.Enums", "BlackJack.Enums\BlackJack.Enums.csproj", "{D62FECC7-DF11-44E9-B9D3-EB84F9E1BE05}"
EndProject
Project("{9A19103F-16F7-4668-BE54-9A1E7A4F7556}") = "BlackJack.BuisnesLogic", "BlackJack.Buisneslogic\BlackJack.BuisnesLogic.csproj", "{88D8FA74-36EB-40B1-968A-1B074A98BE05}"
EndProject
Project("{9A19103F-16F7-4668-BE54-9A1E7A4F7556}") = "BlackJack.Presentation", "BlackJack.Presentation\BlackJack.Presentation.csproj", "{BD0AEBB5-0E69-4F03-915A-2D40F4978D46}"
EndProject
Project("{00D1A9C2-B5F0-4AF3-8072-F6C62B433612}") = "PlayerDatabase", "PlayerDatabase\PlayerDatabase.sqlproj", "{15645DB6-34AE-41C5-B864-C16EF2CCECD3}"
EndProject
Project("{9A19103F-16F7-4668-BE54-9A1E7A4F7556}") = "BlackJack.DataAccsess", "BlackJack.DataAccsess\BlackJack.DataAccsess.csproj", "{B6CB4B0D-BCDD-45B0-A6F8-6A7DB89434D1}"
EndProject
Global
	GlobalSection(SolutionConfigurationPlatforms) = preSolution
		Debug|Any CPU = Debug|Any CPU
		Release|Any CPU = Release|Any CPU
	EndGlobalSection
	GlobalSection(ProjectConfigurationPlatforms) = postSolution
		{5349576D-B93F-43E7-A667-0774D8E42B21}.Debug|Any CPU.ActiveCfg = Debug|Any CPU
		{5349576D-B93F-43E7-A667-0774D8E42B21}.Debug|Any CPU.Build.0 = Debug|Any CPU
		{5349576D-B93F-43E7-A667-0774D8E42B21}.Release|Any CPU.ActiveCfg = Release|Any CPU
		{5349576D-B93F-43E7-A667-0774D8E42B21}.Release|Any CPU.Build.0 = Release|Any CPU
		{B49852F2-3033-415F-A79C-761B069195E9}.Debug|Any CPU.ActiveCfg = Debug|Any CPU
		{B49852F2-3033-415F-A79C-761B069195E9}.Debug|Any CPU.Build.0 = Debug|Any CPU
		{B49852F2-3033-415F-A79C-761B069195E9}.Release|Any CPU.ActiveCfg = Release|Any CPU
		{B49852F2-3033-415F-A79C-761B069195E9}.Release|Any CPU.Build.0 = Release|Any CPU
		{D62FECC7-DF11-44E9-B9D3-EB84F9E1BE05}.Debug|Any CPU.ActiveCfg = Debug|Any CPU
		{D62FECC7-DF11-44E9-B9D3-EB84F9E1BE05}.Debug|Any CPU.Build.0 = Debug|Any CPU
		{D62FECC7-DF11-44E9-B9D3-EB84F9E1BE05}.Release|Any CPU.ActiveCfg = Release|Any CPU
		{D62FECC7-DF11-44E9-B9D3-EB84F9E1BE05}.Release|Any CPU.Build.0 = Release|Any CPU
		{88D8FA74-36EB-40B1-968A-1B074A98BE05}.Debug|Any CPU.ActiveCfg = Debug|Any CPU
		{88D8FA74-36EB-40B1-968A-1B074A98BE05}.Debug|Any CPU.Build.0 = Debug|Any CPU
		{88D8FA74-36EB-40B1-968A-1B074A98BE05}.Release|Any CPU.ActiveCfg = Release|Any CPU
		{88D8FA74-36EB-40B1-968A-1B074A98BE05}.Release|Any CPU.Build.0 = Release|Any CPU
		{BD0AEBB5-0E69-4F03-915A-2D40F4978D46}.Debug|Any CPU.ActiveCfg = Debug|Any CPU
		{BD0AEBB5-0E69-4F03-915A-2D40F4978D46}.Debug|Any CPU.Build.0 = Debug|Any CPU
		{BD0AEBB5-0E69-4F03-915A-2D40F4978D46}.Release|Any CPU.ActiveCfg = Release|Any CPU
		{BD0AEBB5-0E69-4F03-915A-2D40F4978D46}.Release|Any CPU.Build.0 = Release|Any CPU
		{15645DB6-34AE-41C5-B864-C16EF2CCECD3}.Debug|Any CPU.ActiveCfg = Debug|Any CPU
		{15645DB6-34AE-41C5-B864-C16EF2CCECD3}.Debug|Any CPU.Build.0 = Debug|Any CPU
		{15645DB6-34AE-41C5-B864-C16EF2CCECD3}.Debug|Any CPU.Deploy.0 = Debug|Any CPU
		{15645DB6-34AE-41C5-B864-C16EF2CCECD3}.Release|Any CPU.ActiveCfg = Release|Any CPU
		{15645DB6-34AE-41C5-B864-C16EF2CCECD3}.Release|Any CPU.Build.0 = Release|Any CPU
		{15645DB6-34AE-41C5-B864-C16EF2CCECD3}.Release|Any CPU.Deploy.0 = Release|Any CPU
		{B6CB4B0D-BCDD-45B0-A6F8-6A7DB89434D1}.Debug|Any CPU.ActiveCfg = Debug|Any CPU
		{B6CB4B0D-BCDD-45B0-A6F8-6A7DB89434D1}.Debug|Any CPU.Build.0 = Debug|Any CPU
		{B6CB4B0D-BCDD-45B0-A6F8-6A7DB89434D1}.Release|Any CPU.ActiveCfg = Release|Any CPU
		{B6CB4B0D-BCDD-45B0-A6F8-6A7DB89434D1}.Release|Any CPU.Build.0 = Release|Any CPU
	EndGlobalSection
	GlobalSection(SolutionProperties) = preSolution
		HideSolutionNode = FALSE
	EndGlobalSection
	GlobalSection(ExtensibilityGlobals) = postSolution
		SolutionGuid = {0641F82D-393E-4C28-BB0F-CEB79C4CEADB}
	EndGlobalSection
EndGlobal
